
Microsoft Visual Studio Solution File, Format Version 12.00
# Visual Studio Version 17
VisualStudioVersion = 17.14.36121.58 d17.14
MinimumVisualStudioVersion = 10.0.40219.1
Project("{FAE04EC0-301F-11D3-BF4B-00C04F79EFBC}") = "formszad1", "formszad1\formszad1.csproj", "{949F7E69-DE55-432A-B4D9-A4CBEA9D7709}"
EndProject
Project("{FAE04EC0-301F-11D3-BF4B-00C04F79EFBC}") = "winformszad2", "winformszad2\winformszad2.csproj", "{A3C119CE-891E-4698-843E-02E859FCD04A}"
EndProject
Global
	GlobalSection(SolutionConfigurationPlatforms) = preSolution
		Debug|Any CPU = Debug|Any CPU
		Release|Any CPU = Release|Any CPU
	EndGlobalSection
	GlobalSection(ProjectConfigurationPlatforms) = postSolution
		{949F7E69-DE55-432A-B4D9-A4CBEA9D7709}.Debug|Any CPU.ActiveCfg = Debug|Any CPU
		{949F7E69-DE55-432A-B4D9-A4CBEA9D7709}.Debug|Any CPU.Build.0 = Debug|Any CPU
		{949F7E69-DE55-432A-B4D9-A4CBEA9D7709}.Release|Any CPU.ActiveCfg = Release|Any CPU
		{949F7E69-DE55-432A-B4D9-A4CBEA9D7709}.Release|Any CPU.Build.0 = Release|Any CPU
		{A3C119CE-891E-4698-843E-02E859FCD04A}.Debug|Any CPU.ActiveCfg = Debug|Any CPU
		{A3C119CE-891E-4698-843E-02E859FCD04A}.Debug|Any CPU.Build.0 = Debug|Any CPU
		{A3C119CE-891E-4698-843E-02E859FCD04A}.Release|Any CPU.ActiveCfg = Release|Any CPU
		{A3C119CE-891E-4698-843E-02E859FCD04A}.Release|Any CPU.Build.0 = Release|Any CPU
	EndGlobalSection
	GlobalSection(SolutionProperties) = preSolution
		HideSolutionNode = FALSE
	EndGlobalSection
	GlobalSection(ExtensibilityGlobals) = postSolution
		SolutionGuid = {EFDA6B56-D6BE-40D4-B338-292EBF015302}
	EndGlobalSection
EndGlobal
