
Microsoft Visual Studio Solution File, Format Version 12.00
# Visual Studio Version 17
VisualStudioVersion = 17.11.35327.3
MinimumVisualStudioVersion = 10.0.40219.1
Project("{FAE04EC0-301F-11D3-BF4B-00C04F79EFBC}") = "Zadanie 1 pętle", "Zadanie 1 pętle\Zadanie 1 pętle.csproj", "{69DAC99C-88AC-4B82-9207-9ED7D2C8E974}"
EndProject
Project("{FAE04EC0-301F-11D3-BF4B-00C04F79EFBC}") = "Zadanie 2 pętle", "Zadanie 2 pętle\Zadanie 2 pętle.csproj", "{DCBDF30A-6B1E-4720-A227-FCE9FB1F7D22}"
EndProject
Project("{FAE04EC0-301F-11D3-BF4B-00C04F79EFBC}") = "Zadanie 3 pętle", "Zadanie 3 pętle\Zadanie 3 pętle.csproj", "{258B339B-3C66-46F6-94A6-D727F97E20DB}"
EndProject
Project("{FAE04EC0-301F-11D3-BF4B-00C04F79EFBC}") = "Zadanie 5 pętle", "Zadanie 5 pętle\Zadanie 5 pętle.csproj", "{9786912B-56BC-490A-9DF5-BB96920206D1}"
EndProject
Project("{FAE04EC0-301F-11D3-BF4B-00C04F79EFBC}") = "Zadanie 6 pętle", "Zadanie 6 pętle\Zadanie 6 pętle.csproj", "{51A90CC7-AFB6-4050-A151-898752700DB0}"
EndProject
Project("{FAE04EC0-301F-11D3-BF4B-00C04F79EFBC}") = "Zadanie 6 prawdziwe, wcześniejsze 5 i 6 to są 4 i 5", "Zadanie 6 prawdziwe, wcześniejsze 5 i 6 to są 4 i 5\Zadanie 6 prawdziwe, wcześniejsze 5 i 6 to są 4 i 5.csproj", "{31284BBD-4B30-419E-9DBD-FD96C6E17421}"
EndProject
Project("{FAE04EC0-301F-11D3-BF4B-00C04F79EFBC}") = "Zad 7 pętle", "Zad 7 pętle\Zad 7 pętle.csproj", "{4E297864-01EC-418D-A214-A704E93F5049}"
EndProject
Project("{FAE04EC0-301F-11D3-BF4B-00C04F79EFBC}") = "Zadanie 8 pętle", "Zadanie 8 pętle\Zadanie 8 pętle.csproj", "{30425CB6-EBEA-4F96-9C4A-E40DA1123BE5}"
EndProject
Global
	GlobalSection(SolutionConfigurationPlatforms) = preSolution
		Debug|Any CPU = Debug|Any CPU
		Release|Any CPU = Release|Any CPU
	EndGlobalSection
	GlobalSection(ProjectConfigurationPlatforms) = postSolution
		{69DAC99C-88AC-4B82-9207-9ED7D2C8E974}.Debug|Any CPU.ActiveCfg = Debug|Any CPU
		{69DAC99C-88AC-4B82-9207-9ED7D2C8E974}.Debug|Any CPU.Build.0 = Debug|Any CPU
		{69DAC99C-88AC-4B82-9207-9ED7D2C8E974}.Release|Any CPU.ActiveCfg = Release|Any CPU
		{69DAC99C-88AC-4B82-9207-9ED7D2C8E974}.Release|Any CPU.Build.0 = Release|Any CPU
		{DCBDF30A-6B1E-4720-A227-FCE9FB1F7D22}.Debug|Any CPU.ActiveCfg = Debug|Any CPU
		{DCBDF30A-6B1E-4720-A227-FCE9FB1F7D22}.Debug|Any CPU.Build.0 = Debug|Any CPU
		{DCBDF30A-6B1E-4720-A227-FCE9FB1F7D22}.Release|Any CPU.ActiveCfg = Release|Any CPU
		{DCBDF30A-6B1E-4720-A227-FCE9FB1F7D22}.Release|Any CPU.Build.0 = Release|Any CPU
		{258B339B-3C66-46F6-94A6-D727F97E20DB}.Debug|Any CPU.ActiveCfg = Debug|Any CPU
		{258B339B-3C66-46F6-94A6-D727F97E20DB}.Debug|Any CPU.Build.0 = Debug|Any CPU
		{258B339B-3C66-46F6-94A6-D727F97E20DB}.Release|Any CPU.ActiveCfg = Release|Any CPU
		{258B339B-3C66-46F6-94A6-D727F97E20DB}.Release|Any CPU.Build.0 = Release|Any CPU
		{9786912B-56BC-490A-9DF5-BB96920206D1}.Debug|Any CPU.ActiveCfg = Debug|Any CPU
		{9786912B-56BC-490A-9DF5-BB96920206D1}.Debug|Any CPU.Build.0 = Debug|Any CPU
		{9786912B-56BC-490A-9DF5-BB96920206D1}.Release|Any CPU.ActiveCfg = Release|Any CPU
		{9786912B-56BC-490A-9DF5-BB96920206D1}.Release|Any CPU.Build.0 = Release|Any CPU
		{51A90CC7-AFB6-4050-A151-898752700DB0}.Debug|Any CPU.ActiveCfg = Debug|Any CPU
		{51A90CC7-AFB6-4050-A151-898752700DB0}.Debug|Any CPU.Build.0 = Debug|Any CPU
		{51A90CC7-AFB6-4050-A151-898752700DB0}.Release|Any CPU.ActiveCfg = Release|Any CPU
		{51A90CC7-AFB6-4050-A151-898752700DB0}.Release|Any CPU.Build.0 = Release|Any CPU
		{31284BBD-4B30-419E-9DBD-FD96C6E17421}.Debug|Any CPU.ActiveCfg = Debug|Any CPU
		{31284BBD-4B30-419E-9DBD-FD96C6E17421}.Debug|Any CPU.Build.0 = Debug|Any CPU
		{31284BBD-4B30-419E-9DBD-FD96C6E17421}.Release|Any CPU.ActiveCfg = Release|Any CPU
		{31284BBD-4B30-419E-9DBD-FD96C6E17421}.Release|Any CPU.Build.0 = Release|Any CPU
		{4E297864-01EC-418D-A214-A704E93F5049}.Debug|Any CPU.ActiveCfg = Debug|Any CPU
		{4E297864-01EC-418D-A214-A704E93F5049}.Debug|Any CPU.Build.0 = Debug|Any CPU
		{4E297864-01EC-418D-A214-A704E93F5049}.Release|Any CPU.ActiveCfg = Release|Any CPU
		{4E297864-01EC-418D-A214-A704E93F5049}.Release|Any CPU.Build.0 = Release|Any CPU
		{30425CB6-EBEA-4F96-9C4A-E40DA1123BE5}.Debug|Any CPU.ActiveCfg = Debug|Any CPU
		{30425CB6-EBEA-4F96-9C4A-E40DA1123BE5}.Debug|Any CPU.Build.0 = Debug|Any CPU
		{30425CB6-EBEA-4F96-9C4A-E40DA1123BE5}.Release|Any CPU.ActiveCfg = Release|Any CPU
		{30425CB6-EBEA-4F96-9C4A-E40DA1123BE5}.Release|Any CPU.Build.0 = Release|Any CPU
	EndGlobalSection
	GlobalSection(SolutionProperties) = preSolution
		HideSolutionNode = FALSE
	EndGlobalSection
	GlobalSection(ExtensibilityGlobals) = postSolution
		SolutionGuid = {E43525FA-B9C6-4C71-A855-ED21EA6393C6}
	EndGlobalSection
EndGlobal
